
Microsoft Visual Studio Solution File, Format Version 12.00
# Visual Studio Version 17
VisualStudioVersion = 17.14.36915.13 d17.14
MinimumVisualStudioVersion = 10.0.40219.1
Project("{FAE04EC0-301F-11D3-BF4B-00C04F79EFBC}") = "exArchivos", "exArchivos\exArchivos.csproj", "{78D0E9E7-56DD-42E0-A3F8-C0AC1AE17AFA}"
EndProject
Global
	GlobalSection(SolutionConfigurationPlatforms) = preSolution
		Debug|Any CPU = Debug|Any CPU
		Release|Any CPU = Release|Any CPU
	EndGlobalSection
	GlobalSection(ProjectConfigurationPlatforms) = postSolution
		{78D0E9E7-56DD-42E0-A3F8-C0AC1AE17AFA}.Debug|Any CPU.ActiveCfg = Debug|Any CPU
		{78D0E9E7-56DD-42E0-A3F8-C0AC1AE17AFA}.Debug|Any CPU.Build.0 = Debug|Any CPU
		{78D0E9E7-56DD-42E0-A3F8-C0AC1AE17AFA}.Release|Any CPU.ActiveCfg = Release|Any CPU
		{78D0E9E7-56DD-42E0-A3F8-C0AC1AE17AFA}.Release|Any CPU.Build.0 = Release|Any CPU
	EndGlobalSection
	GlobalSection(SolutionProperties) = preSolution
		HideSolutionNode = FALSE
	EndGlobalSection
	GlobalSection(ExtensibilityGlobals) = postSolution
		SolutionGuid = {6446115D-CE96-4CF0-9680-293C8E1C39D0}
	EndGlobalSection
EndGlobal
